{
  "name": "partytown-qwik",
  "version": "1.0.0",
  "lockfileVersion": 1,
  "requires": true,
  "dependencies": {
    "@builder.io/partytown": {
      "version": "0.7.0",
      "resolved": "https://registry.npmjs.org/@builder.io/partytown/-/partytown-0.7.0.tgz",
      "integrity": "sha512-Mw2KeiPglCZujE99ntbJfZq52dJktzhfifWav4UJYgDx81L/hWMQXg/bNqsYlz9cnopDBqYewy+6qbv3b1DcyQ=="
    },
    "@builder.io/qwik": {
      "version": "0.9.0",
      "resolved": "https://registry.npmjs.org/@builder.io/qwik/-/qwik-0.9.0.tgz",
      "integrity": "sha512-xAyQNABvPe/V0xGKuAaUJcP9r+qNegWegkstRQza/CgJ3vgR20yyaYzkcAD+G9wvPeG1mRSiUZAYDgevV2BLaQ=="
    }
  }
}
